<?xml version="1.0" encoding="UTF-8"?>
<CodeBlocks_project_file>
	<FileVersion major="1" minor="6"/>
	<Project>
		<Option title="Polyhedron"/>
		<Option makefile_is_custom="1"/>
		<Option compiler="gcc"/>
		<Option virtualFolders="CMake Files\;CMake Files\..\;CMake Files\..\cmake\;CMake Files\enet\;"/>
		<Build>
			<Target title="all">
				<Option working_dir="/home/watisdeze/Development/PyramidApexGames/Projects/Polyhedron/Branches/Polyhedron-NewMenu/src"/>
				<Option type="4"/>
				<MakeCommands>
					<Build command="/usr/bin/ninja -v all"/>
					<CompileFile command="/usr/bin/ninja -v &quot;$file&quot;"/>
					<Clean command="/usr/bin/ninja -v clean"/>
					<DistClean command="/usr/bin/ninja -v clean"/>
				</MakeCommands>
			</Target>
			<Target title="rebuild_cache">
				<Option working_dir="/home/watisdeze/Development/PyramidApexGames/Projects/Polyhedron/Branches/Polyhedron-NewMenu/src"/>
				<Option type="4"/>
				<MakeCommands>
					<Build command="/usr/bin/ninja -v rebuild_cache"/>
					<CompileFile command="/usr/bin/ninja -v &quot;$file&quot;"/>
					<Clean command="/usr/bin/ninja -v clean"/>
					<DistClean command="/usr/bin/ninja -v clean"/>
				</MakeCommands>
			</Target>
			<Target title="Polyhedron">
				<Option output="/home/watisdeze/Development/PyramidApexGames/Projects/Polyhedron/Branches/Polyhedron-NewMenu/src/Polyhedron" prefix_auto="0" extension_auto="0"/>
				<Option working_dir="/home/watisdeze/Development/PyramidApexGames/Projects/Polyhedron/Branches/Polyhedron-NewMenu/src"/>
				<Option object_output="./"/>
				<Option type="1"/>
				<Option compiler="gcc"/>
				<Compiler>
					<Add option="-DGL_SILENCE_DEPRECATION"/>
					<Add directory="/home/watisdeze/Development/PyramidApexGames/Projects/Polyhedron/Branches/Polyhedron-NewMenu/src/ext/json-develop/single_include"/>
					<Add directory="/home/watisdeze/Development/PyramidApexGames/Projects/Polyhedron/Branches/Polyhedron-NewMenu/src/."/>
					<Add directory="/home/watisdeze/Development/PyramidApexGames/Projects/Polyhedron/Branches/Polyhedron-NewMenu/src/shared"/>
					<Add directory="/home/watisdeze/Development/PyramidApexGames/Projects/Polyhedron/Branches/Polyhedron-NewMenu/src/game"/>
					<Add directory="/home/watisdeze/Development/PyramidApexGames/Projects/Polyhedron/Branches/Polyhedron-NewMenu/src/engine"/>
					<Add directory="/home/watisdeze/Development/PyramidApexGames/Projects/Polyhedron/Branches/Polyhedron-NewMenu/src"/>
					<Add directory="/usr/include/SDL2"/>
					<Add directory="/usr/include/freetype2"/>
					<Add directory="/home/watisdeze/Development/PyramidApexGames/Projects/Polyhedron/Branches/Polyhedron-NewMenu/src/enet/include"/>
					<Add directory="/usr/include/c++/7"/>
					<Add directory="/usr/include/x86_64-linux-gnu/c++/7"/>
					<Add directory="/usr/include/c++/7/backward"/>
					<Add directory="/usr/lib/gcc/x86_64-linux-gnu/7/include"/>
					<Add directory="/usr/local/include"/>
					<Add directory="/usr/lib/gcc/x86_64-linux-gnu/7/include-fixed"/>
					<Add directory="/usr/include/x86_64-linux-gnu"/>
					<Add directory="/usr/include"/>
				</Compiler>
				<MakeCommands>
					<Build command="/usr/bin/ninja -v Polyhedron"/>
					<CompileFile command="/usr/bin/ninja -v &quot;$file&quot;"/>
					<Clean command="/usr/bin/ninja -v clean"/>
					<DistClean command="/usr/bin/ninja -v clean"/>
				</MakeCommands>
			</Target>
			<Target title="Polyhedron/fast">
				<Option output="/home/watisdeze/Development/PyramidApexGames/Projects/Polyhedron/Branches/Polyhedron-NewMenu/src/Polyhedron" prefix_auto="0" extension_auto="0"/>
				<Option working_dir="/home/watisdeze/Development/PyramidApexGames/Projects/Polyhedron/Branches/Polyhedron-NewMenu/src"/>
				<Option object_output="./"/>
				<Option type="1"/>
				<Option compiler="gcc"/>
				<Compiler>
					<Add option="-DGL_SILENCE_DEPRECATION"/>
					<Add directory="/home/watisdeze/Development/PyramidApexGames/Projects/Polyhedron/Branches/Polyhedron-NewMenu/src/ext/json-develop/single_include"/>
					<Add directory="/home/watisdeze/Development/PyramidApexGames/Projects/Polyhedron/Branches/Polyhedron-NewMenu/src/."/>
					<Add directory="/home/watisdeze/Development/PyramidApexGames/Projects/Polyhedron/Branches/Polyhedron-NewMenu/src/shared"/>
					<Add directory="/home/watisdeze/Development/PyramidApexGames/Projects/Polyhedron/Branches/Polyhedron-NewMenu/src/game"/>
					<Add directory="/home/watisdeze/Development/PyramidApexGames/Projects/Polyhedron/Branches/Polyhedron-NewMenu/src/engine"/>
					<Add directory="/home/watisdeze/Development/PyramidApexGames/Projects/Polyhedron/Branches/Polyhedron-NewMenu/src"/>
					<Add directory="/usr/include/SDL2"/>
					<Add directory="/usr/include/freetype2"/>
					<Add directory="/home/watisdeze/Development/PyramidApexGames/Projects/Polyhedron/Branches/Polyhedron-NewMenu/src/enet/include"/>
					<Add directory="/usr/include/c++/7"/>
					<Add directory="/usr/include/x86_64-linux-gnu/c++/7"/>
					<Add directory="/usr/include/c++/7/backward"/>
					<Add directory="/usr/lib/gcc/x86_64-linux-gnu/7/include"/>
					<Add directory="/usr/local/include"/>
					<Add directory="/usr/lib/gcc/x86_64-linux-gnu/7/include-fixed"/>
					<Add directory="/usr/include/x86_64-linux-gnu"/>
					<Add directory="/usr/include"/>
				</Compiler>
				<MakeCommands>
					<Build command="/usr/bin/ninja -v Polyhedron/fast"/>
					<CompileFile command="/usr/bin/ninja -v &quot;$file&quot;"/>
					<Clean command="/usr/bin/ninja -v clean"/>
					<DistClean command="/usr/bin/ninja -v clean"/>
				</MakeCommands>
			</Target>
			<Target title="edit_cache">
				<Option working_dir="/home/watisdeze/Development/PyramidApexGames/Projects/Polyhedron/Branches/Polyhedron-NewMenu/src"/>
				<Option type="4"/>
				<MakeCommands>
					<Build command="/usr/bin/ninja -v edit_cache"/>
					<CompileFile command="/usr/bin/ninja -v &quot;$file&quot;"/>
					<Clean command="/usr/bin/ninja -v clean"/>
					<DistClean command="/usr/bin/ninja -v clean"/>
				</MakeCommands>
			</Target>
			<Target title="enet">
				<Option output="/home/watisdeze/Development/PyramidApexGames/Projects/Polyhedron/Branches/Polyhedron-NewMenu/src/enet/libenet.a" prefix_auto="0" extension_auto="0"/>
				<Option working_dir="/home/watisdeze/Development/PyramidApexGames/Projects/Polyhedron/Branches/Polyhedron-NewMenu/src/enet"/>
				<Option object_output="./"/>
				<Option type="2"/>
				<Option compiler="gcc"/>
				<Compiler>
					<Add option="-DGL_SILENCE_DEPRECATION"/>
					<Add option="-DHAS_FCNTL=1"/>
					<Add option="-DHAS_POLL=1"/>
					<Add option="-DHAS_GETNAMEINFO=1"/>
					<Add option="-DHAS_GETADDRINFO=1"/>
					<Add option="-DHAS_GETHOSTBYNAME_R=1"/>
					<Add option="-DHAS_GETHOSTBYADDR_R=1"/>
					<Add option="-DHAS_INET_PTON=1"/>
					<Add option="-DHAS_INET_NTOP=1"/>
					<Add option="-DHAS_MSGHDR_FLAGS=1"/>
					<Add option="-DHAS_SOCKLEN_T=1"/>
					<Add directory="/home/watisdeze/Development/PyramidApexGames/Projects/Polyhedron/Branches/Polyhedron-NewMenu/src/ext/json-develop/single_include"/>
					<Add directory="/home/watisdeze/Development/PyramidApexGames/Projects/Polyhedron/Branches/Polyhedron-NewMenu/src/enet/include"/>
					<Add directory="/usr/include/c++/7"/>
					<Add directory="/usr/include/x86_64-linux-gnu/c++/7"/>
					<Add directory="/usr/include/c++/7/backward"/>
					<Add directory="/usr/lib/gcc/x86_64-linux-gnu/7/include"/>
					<Add directory="/usr/local/include"/>
					<Add directory="/usr/lib/gcc/x86_64-linux-gnu/7/include-fixed"/>
					<Add directory="/usr/include/x86_64-linux-gnu"/>
					<Add directory="/usr/include"/>
				</Compiler>
				<MakeCommands>
					<Build command="/usr/bin/ninja -v enet"/>
					<CompileFile command="/usr/bin/ninja -v &quot;$file&quot;"/>
					<Clean command="/usr/bin/ninja -v clean"/>
					<DistClean command="/usr/bin/ninja -v clean"/>
				</MakeCommands>
			</Target>
			<Target title="enet/fast">
				<Option output="/home/watisdeze/Development/PyramidApexGames/Projects/Polyhedron/Branches/Polyhedron-NewMenu/src/enet/libenet.a" prefix_auto="0" extension_auto="0"/>
				<Option working_dir="/home/watisdeze/Development/PyramidApexGames/Projects/Polyhedron/Branches/Polyhedron-NewMenu/src/enet"/>
				<Option object_output="./"/>
				<Option type="2"/>
				<Option compiler="gcc"/>
				<Compiler>
					<Add option="-DGL_SILENCE_DEPRECATION"/>
					<Add option="-DHAS_FCNTL=1"/>
					<Add option="-DHAS_POLL=1"/>
					<Add option="-DHAS_GETNAMEINFO=1"/>
					<Add option="-DHAS_GETADDRINFO=1"/>
					<Add option="-DHAS_GETHOSTBYNAME_R=1"/>
					<Add option="-DHAS_GETHOSTBYADDR_R=1"/>
					<Add option="-DHAS_INET_PTON=1"/>
					<Add option="-DHAS_INET_NTOP=1"/>
					<Add option="-DHAS_MSGHDR_FLAGS=1"/>
					<Add option="-DHAS_SOCKLEN_T=1"/>
					<Add directory="/home/watisdeze/Development/PyramidApexGames/Projects/Polyhedron/Branches/Polyhedron-NewMenu/src/ext/json-develop/single_include"/>
					<Add directory="/home/watisdeze/Development/PyramidApexGames/Projects/Polyhedron/Branches/Polyhedron-NewMenu/src/enet/include"/>
					<Add directory="/usr/include/c++/7"/>
					<Add directory="/usr/include/x86_64-linux-gnu/c++/7"/>
					<Add directory="/usr/include/c++/7/backward"/>
					<Add directory="/usr/lib/gcc/x86_64-linux-gnu/7/include"/>
					<Add directory="/usr/local/include"/>
					<Add directory="/usr/lib/gcc/x86_64-linux-gnu/7/include-fixed"/>
					<Add directory="/usr/include/x86_64-linux-gnu"/>
					<Add directory="/usr/include"/>
				</Compiler>
				<MakeCommands>
					<Build command="/usr/bin/ninja -v enet/fast"/>
					<CompileFile command="/usr/bin/ninja -v &quot;$file&quot;"/>
					<Clean command="/usr/bin/ninja -v clean"/>
					<DistClean command="/usr/bin/ninja -v clean"/>
				</MakeCommands>
			</Target>
		</Build>
		<Unit filename="/home/watisdeze/Development/PyramidApexGames/Projects/Polyhedron/Branches/Polyhedron-NewMenu/src/enet/callbacks.c">
			<Option target="enet"/>
		</Unit>
		<Unit filename="/home/watisdeze/Development/PyramidApexGames/Projects/Polyhedron/Branches/Polyhedron-NewMenu/src/enet/compress.c">
			<Option target="enet"/>
		</Unit>
		<Unit filename="/home/watisdeze/Development/PyramidApexGames/Projects/Polyhedron/Branches/Polyhedron-NewMenu/src/enet/host.c">
			<Option target="enet"/>
		</Unit>
		<Unit filename="/home/watisdeze/Development/PyramidApexGames/Projects/Polyhedron/Branches/Polyhedron-NewMenu/src/enet/include/enet/callbacks.h">
			<Option target="enet"/>
		</Unit>
		<Unit filename="/home/watisdeze/Development/PyramidApexGames/Projects/Polyhedron/Branches/Polyhedron-NewMenu/src/enet/include/enet/enet.h">
			<Option target="enet"/>
		</Unit>
		<Unit filename="/home/watisdeze/Development/PyramidApexGames/Projects/Polyhedron/Branches/Polyhedron-NewMenu/src/enet/include/enet/enettime.h">
			<Option target="enet"/>
		</Unit>
		<Unit filename="/home/watisdeze/Development/PyramidApexGames/Projects/Polyhedron/Branches/Polyhedron-NewMenu/src/enet/include/enet/list.h">
			<Option target="enet"/>
		</Unit>
		<Unit filename="/home/watisdeze/Development/PyramidApexGames/Projects/Polyhedron/Branches/Polyhedron-NewMenu/src/enet/include/enet/protocol.h">
			<Option target="enet"/>
		</Unit>
		<Unit filename="/home/watisdeze/Development/PyramidApexGames/Projects/Polyhedron/Branches/Polyhedron-NewMenu/src/enet/include/enet/types.h">
			<Option target="enet"/>
		</Unit>
		<Unit filename="/home/watisdeze/Development/PyramidApexGames/Projects/Polyhedron/Branches/Polyhedron-NewMenu/src/enet/include/enet/unix.h">
			<Option target="enet"/>
		</Unit>
		<Unit filename="/home/watisdeze/Development/PyramidApexGames/Projects/Polyhedron/Branches/Polyhedron-NewMenu/src/enet/include/enet/utility.h">
			<Option target="enet"/>
		</Unit>
		<Unit filename="/home/watisdeze/Development/PyramidApexGames/Projects/Polyhedron/Branches/Polyhedron-NewMenu/src/enet/include/enet/win32.h">
			<Option target="enet"/>
		</Unit>
		<Unit filename="/home/watisdeze/Development/PyramidApexGames/Projects/Polyhedron/Branches/Polyhedron-NewMenu/src/enet/list.c">
			<Option target="enet"/>
		</Unit>
		<Unit filename="/home/watisdeze/Development/PyramidApexGames/Projects/Polyhedron/Branches/Polyhedron-NewMenu/src/enet/packet.c">
			<Option target="enet"/>
		</Unit>
		<Unit filename="/home/watisdeze/Development/PyramidApexGames/Projects/Polyhedron/Branches/Polyhedron-NewMenu/src/enet/peer.c">
			<Option target="enet"/>
		</Unit>
		<Unit filename="/home/watisdeze/Development/PyramidApexGames/Projects/Polyhedron/Branches/Polyhedron-NewMenu/src/enet/protocol.c">
			<Option target="enet"/>
		</Unit>
		<Unit filename="/home/watisdeze/Development/PyramidApexGames/Projects/Polyhedron/Branches/Polyhedron-NewMenu/src/enet/unix.c">
			<Option target="enet"/>
		</Unit>
		<Unit filename="/home/watisdeze/Development/PyramidApexGames/Projects/Polyhedron/Branches/Polyhedron-NewMenu/src/enet/win32.c">
			<Option target="enet"/>
		</Unit>
		<Unit filename="/home/watisdeze/Development/PyramidApexGames/Projects/Polyhedron/Branches/Polyhedron-NewMenu/src/engine+aa.binding.cpp">
			<Option target="Polyhedron"/>
		</Unit>
		<Unit filename="/home/watisdeze/Development/PyramidApexGames/Projects/Polyhedron/Branches/Polyhedron-NewMenu/src/engine+aa.binding.cpp.rule">
			<Option target="Polyhedron"/>
		</Unit>
		<Unit filename="/home/watisdeze/Development/PyramidApexGames/Projects/Polyhedron/Branches/Polyhedron-NewMenu/src/engine+bih.binding.cpp">
			<Option target="Polyhedron"/>
		</Unit>
		<Unit filename="/home/watisdeze/Development/PyramidApexGames/Projects/Polyhedron/Branches/Polyhedron-NewMenu/src/engine+bih.binding.cpp.rule">
			<Option target="Polyhedron"/>
		</Unit>
		<Unit filename="/home/watisdeze/Development/PyramidApexGames/Projects/Polyhedron/Branches/Polyhedron-NewMenu/src/engine+blend.binding.cpp">
			<Option target="Polyhedron"/>
		</Unit>
		<Unit filename="/home/watisdeze/Development/PyramidApexGames/Projects/Polyhedron/Branches/Polyhedron-NewMenu/src/engine+blend.binding.cpp.rule">
			<Option target="Polyhedron"/>
		</Unit>
		<Unit filename="/home/watisdeze/Development/PyramidApexGames/Projects/Polyhedron/Branches/Polyhedron-NewMenu/src/engine+client.binding.cpp">
			<Option target="Polyhedron"/>
		</Unit>
		<Unit filename="/home/watisdeze/Development/PyramidApexGames/Projects/Polyhedron/Branches/Polyhedron-NewMenu/src/engine+client.binding.cpp.rule">
			<Option target="Polyhedron"/>
		</Unit>
		<Unit filename="/home/watisdeze/Development/PyramidApexGames/Projects/Polyhedron/Branches/Polyhedron-NewMenu/src/engine+command.binding.cpp">
			<Option target="Polyhedron"/>
		</Unit>
		<Unit filename="/home/watisdeze/Development/PyramidApexGames/Projects/Polyhedron/Branches/Polyhedron-NewMenu/src/engine+command.binding.cpp.rule">
			<Option target="Polyhedron"/>
		</Unit>
		<Unit filename="/home/watisdeze/Development/PyramidApexGames/Projects/Polyhedron/Branches/Polyhedron-NewMenu/src/engine+console.binding.cpp">
			<Option target="Polyhedron"/>
		</Unit>
		<Unit filename="/home/watisdeze/Development/PyramidApexGames/Projects/Polyhedron/Branches/Polyhedron-NewMenu/src/engine+console.binding.cpp.rule">
			<Option target="Polyhedron"/>
		</Unit>
		<Unit filename="/home/watisdeze/Development/PyramidApexGames/Projects/Polyhedron/Branches/Polyhedron-NewMenu/src/engine+dynlight.binding.cpp">
			<Option target="Polyhedron"/>
		</Unit>
		<Unit filename="/home/watisdeze/Development/PyramidApexGames/Projects/Polyhedron/Branches/Polyhedron-NewMenu/src/engine+dynlight.binding.cpp.rule">
			<Option target="Polyhedron"/>
		</Unit>
		<Unit filename="/home/watisdeze/Development/PyramidApexGames/Projects/Polyhedron/Branches/Polyhedron-NewMenu/src/engine+grass.binding.cpp">
			<Option target="Polyhedron"/>
		</Unit>
		<Unit filename="/home/watisdeze/Development/PyramidApexGames/Projects/Polyhedron/Branches/Polyhedron-NewMenu/src/engine+grass.binding.cpp.rule">
			<Option target="Polyhedron"/>
		</Unit>
		<Unit filename="/home/watisdeze/Development/PyramidApexGames/Projects/Polyhedron/Branches/Polyhedron-NewMenu/src/engine+help.binding.cpp">
			<Option target="Polyhedron"/>
		</Unit>
		<Unit filename="/home/watisdeze/Development/PyramidApexGames/Projects/Polyhedron/Branches/Polyhedron-NewMenu/src/engine+help.binding.cpp.rule">
			<Option target="Polyhedron"/>
		</Unit>
		<Unit filename="/home/watisdeze/Development/PyramidApexGames/Projects/Polyhedron/Branches/Polyhedron-NewMenu/src/engine+light.binding.cpp">
			<Option target="Polyhedron"/>
		</Unit>
		<Unit filename="/home/watisdeze/Development/PyramidApexGames/Projects/Polyhedron/Branches/Polyhedron-NewMenu/src/engine+light.binding.cpp.rule">
			<Option target="Polyhedron"/>
		</Unit>
		<Unit filename="/home/watisdeze/Development/PyramidApexGames/Projects/Polyhedron/Branches/Polyhedron-NewMenu/src/engine+log.binding.cpp">
			<Option target="Polyhedron"/>
		</Unit>
		<Unit filename="/home/watisdeze/Development/PyramidApexGames/Projects/Polyhedron/Branches/Polyhedron-NewMenu/src/engine+log.binding.cpp.rule">
			<Option target="Polyhedron"/>
		</Unit>
		<Unit filename="/home/watisdeze/Development/PyramidApexGames/Projects/Polyhedron/Branches/Polyhedron-NewMenu/src/engine+main.binding.cpp">
			<Option target="Polyhedron"/>
		</Unit>
		<Unit filename="/home/watisdeze/Development/PyramidApexGames/Projects/Polyhedron/Branches/Polyhedron-NewMenu/src/engine+main.binding.cpp.rule">
			<Option target="Polyhedron"/>
		</Unit>
		<Unit filename="/home/watisdeze/Development/PyramidApexGames/Projects/Polyhedron/Branches/Polyhedron-NewMenu/src/engine+material.binding.cpp">
			<Option target="Polyhedron"/>
		</Unit>
		<Unit filename="/home/watisdeze/Development/PyramidApexGames/Projects/Polyhedron/Branches/Polyhedron-NewMenu/src/engine+material.binding.cpp.rule">
			<Option target="Polyhedron"/>
		</Unit>
		<Unit filename="/home/watisdeze/Development/PyramidApexGames/Projects/Polyhedron/Branches/Polyhedron-NewMenu/src/engine+menus.binding.cpp">
			<Option target="Polyhedron"/>
		</Unit>
		<Unit filename="/home/watisdeze/Development/PyramidApexGames/Projects/Polyhedron/Branches/Polyhedron-NewMenu/src/engine+menus.binding.cpp.rule">
			<Option target="Polyhedron"/>
		</Unit>
		<Unit filename="/home/watisdeze/Development/PyramidApexGames/Projects/Polyhedron/Branches/Polyhedron-NewMenu/src/engine+movie.binding.cpp">
			<Option target="Polyhedron"/>
		</Unit>
		<Unit filename="/home/watisdeze/Development/PyramidApexGames/Projects/Polyhedron/Branches/Polyhedron-NewMenu/src/engine+movie.binding.cpp.rule">
			<Option target="Polyhedron"/>
		</Unit>
		<Unit filename="/home/watisdeze/Development/PyramidApexGames/Projects/Polyhedron/Branches/Polyhedron-NewMenu/src/engine+normal.binding.cpp">
			<Option target="Polyhedron"/>
		</Unit>
		<Unit filename="/home/watisdeze/Development/PyramidApexGames/Projects/Polyhedron/Branches/Polyhedron-NewMenu/src/engine+normal.binding.cpp.rule">
			<Option target="Polyhedron"/>
		</Unit>
		<Unit filename="/home/watisdeze/Development/PyramidApexGames/Projects/Polyhedron/Branches/Polyhedron-NewMenu/src/engine+octa.binding.cpp">
			<Option target="Polyhedron"/>
		</Unit>
		<Unit filename="/home/watisdeze/Development/PyramidApexGames/Projects/Polyhedron/Branches/Polyhedron-NewMenu/src/engine+octa.binding.cpp.rule">
			<Option target="Polyhedron"/>
		</Unit>
		<Unit filename="/home/watisdeze/Development/PyramidApexGames/Projects/Polyhedron/Branches/Polyhedron-NewMenu/src/engine+octaedit.binding.cpp">
			<Option target="Polyhedron"/>
		</Unit>
		<Unit filename="/home/watisdeze/Development/PyramidApexGames/Projects/Polyhedron/Branches/Polyhedron-NewMenu/src/engine+octaedit.binding.cpp.rule">
			<Option target="Polyhedron"/>
		</Unit>
		<Unit filename="/home/watisdeze/Development/PyramidApexGames/Projects/Polyhedron/Branches/Polyhedron-NewMenu/src/engine+octarender.binding.cpp">
			<Option target="Polyhedron"/>
		</Unit>
		<Unit filename="/home/watisdeze/Development/PyramidApexGames/Projects/Polyhedron/Branches/Polyhedron-NewMenu/src/engine+octarender.binding.cpp.rule">
			<Option target="Polyhedron"/>
		</Unit>
		<Unit filename="/home/watisdeze/Development/PyramidApexGames/Projects/Polyhedron/Branches/Polyhedron-NewMenu/src/engine+pch.binding.cpp">
			<Option target="Polyhedron"/>
		</Unit>
		<Unit filename="/home/watisdeze/Development/PyramidApexGames/Projects/Polyhedron/Branches/Polyhedron-NewMenu/src/engine+pch.binding.cpp.rule">
			<Option target="Polyhedron"/>
		</Unit>
		<Unit filename="/home/watisdeze/Development/PyramidApexGames/Projects/Polyhedron/Branches/Polyhedron-NewMenu/src/engine+physics.binding.cpp">
			<Option target="Polyhedron"/>
		</Unit>
		<Unit filename="/home/watisdeze/Development/PyramidApexGames/Projects/Polyhedron/Branches/Polyhedron-NewMenu/src/engine+physics.binding.cpp.rule">
			<Option target="Polyhedron"/>
		</Unit>
		<Unit filename="/home/watisdeze/Development/PyramidApexGames/Projects/Polyhedron/Branches/Polyhedron-NewMenu/src/engine+pvs.binding.cpp">
			<Option target="Polyhedron"/>
		</Unit>
		<Unit filename="/home/watisdeze/Development/PyramidApexGames/Projects/Polyhedron/Branches/Polyhedron-NewMenu/src/engine+pvs.binding.cpp.rule">
			<Option target="Polyhedron"/>
		</Unit>
		<Unit filename="/home/watisdeze/Development/PyramidApexGames/Projects/Polyhedron/Branches/Polyhedron-NewMenu/src/engine+rendergl.binding.cpp">
			<Option target="Polyhedron"/>
		</Unit>
		<Unit filename="/home/watisdeze/Development/PyramidApexGames/Projects/Polyhedron/Branches/Polyhedron-NewMenu/src/engine+rendergl.binding.cpp.rule">
			<Option target="Polyhedron"/>
		</Unit>
		<Unit filename="/home/watisdeze/Development/PyramidApexGames/Projects/Polyhedron/Branches/Polyhedron-NewMenu/src/engine+renderlights.binding.cpp">
			<Option target="Polyhedron"/>
		</Unit>
		<Unit filename="/home/watisdeze/Development/PyramidApexGames/Projects/Polyhedron/Branches/Polyhedron-NewMenu/src/engine+renderlights.binding.cpp.rule">
			<Option target="Polyhedron"/>
		</Unit>
		<Unit filename="/home/watisdeze/Development/PyramidApexGames/Projects/Polyhedron/Branches/Polyhedron-NewMenu/src/engine+rendermodel.binding.cpp">
			<Option target="Polyhedron"/>
		</Unit>
		<Unit filename="/home/watisdeze/Development/PyramidApexGames/Projects/Polyhedron/Branches/Polyhedron-NewMenu/src/engine+rendermodel.binding.cpp.rule">
			<Option target="Polyhedron"/>
		</Unit>
		<Unit filename="/home/watisdeze/Development/PyramidApexGames/Projects/Polyhedron/Branches/Polyhedron-NewMenu/src/engine+renderparticles.binding.cpp">
			<Option target="Polyhedron"/>
		</Unit>
		<Unit filename="/home/watisdeze/Development/PyramidApexGames/Projects/Polyhedron/Branches/Polyhedron-NewMenu/src/engine+renderparticles.binding.cpp.rule">
			<Option target="Polyhedron"/>
		</Unit>
		<Unit filename="/home/watisdeze/Development/PyramidApexGames/Projects/Polyhedron/Branches/Polyhedron-NewMenu/src/engine+rendersky.binding.cpp">
			<Option target="Polyhedron"/>
		</Unit>
		<Unit filename="/home/watisdeze/Development/PyramidApexGames/Projects/Polyhedron/Branches/Polyhedron-NewMenu/src/engine+rendersky.binding.cpp.rule">
			<Option target="Polyhedron"/>
		</Unit>
		<Unit filename="/home/watisdeze/Development/PyramidApexGames/Projects/Polyhedron/Branches/Polyhedron-NewMenu/src/engine+rendertext.binding.cpp">
			<Option target="Polyhedron"/>
		</Unit>
		<Unit filename="/home/watisdeze/Development/PyramidApexGames/Projects/Polyhedron/Branches/Polyhedron-NewMenu/src/engine+rendertext.binding.cpp.rule">
			<Option target="Polyhedron"/>
		</Unit>
		<Unit filename="/home/watisdeze/Development/PyramidApexGames/Projects/Polyhedron/Branches/Polyhedron-NewMenu/src/engine+renderva.binding.cpp">
			<Option target="Polyhedron"/>
		</Unit>
		<Unit filename="/home/watisdeze/Development/PyramidApexGames/Projects/Polyhedron/Branches/Polyhedron-NewMenu/src/engine+renderva.binding.cpp.rule">
			<Option target="Polyhedron"/>
		</Unit>
		<Unit filename="/home/watisdeze/Development/PyramidApexGames/Projects/Polyhedron/Branches/Polyhedron-NewMenu/src/engine+scriptexport.binding.cpp">
			<Option target="Polyhedron"/>
		</Unit>
		<Unit filename="/home/watisdeze/Development/PyramidApexGames/Projects/Polyhedron/Branches/Polyhedron-NewMenu/src/engine+scriptexport.binding.cpp.rule">
			<Option target="Polyhedron"/>
		</Unit>
		<Unit filename="/home/watisdeze/Development/PyramidApexGames/Projects/Polyhedron/Branches/Polyhedron-NewMenu/src/engine+server.binding.cpp">
			<Option target="Polyhedron"/>
		</Unit>
		<Unit filename="/home/watisdeze/Development/PyramidApexGames/Projects/Polyhedron/Branches/Polyhedron-NewMenu/src/engine+server.binding.cpp.rule">
			<Option target="Polyhedron"/>
		</Unit>
		<Unit filename="/home/watisdeze/Development/PyramidApexGames/Projects/Polyhedron/Branches/Polyhedron-NewMenu/src/engine+serverbrowser.binding.cpp">
			<Option target="Polyhedron"/>
		</Unit>
		<Unit filename="/home/watisdeze/Development/PyramidApexGames/Projects/Polyhedron/Branches/Polyhedron-NewMenu/src/engine+serverbrowser.binding.cpp.rule">
			<Option target="Polyhedron"/>
		</Unit>
		<Unit filename="/home/watisdeze/Development/PyramidApexGames/Projects/Polyhedron/Branches/Polyhedron-NewMenu/src/engine+shader.binding.cpp">
			<Option target="Polyhedron"/>
		</Unit>
		<Unit filename="/home/watisdeze/Development/PyramidApexGames/Projects/Polyhedron/Branches/Polyhedron-NewMenu/src/engine+shader.binding.cpp.rule">
			<Option target="Polyhedron"/>
		</Unit>
		<Unit filename="/home/watisdeze/Development/PyramidApexGames/Projects/Polyhedron/Branches/Polyhedron-NewMenu/src/engine+sound.binding.cpp">
			<Option target="Polyhedron"/>
		</Unit>
		<Unit filename="/home/watisdeze/Development/PyramidApexGames/Projects/Polyhedron/Branches/Polyhedron-NewMenu/src/engine+sound.binding.cpp.rule">
			<Option target="Polyhedron"/>
		</Unit>
		<Unit filename="/home/watisdeze/Development/PyramidApexGames/Projects/Polyhedron/Branches/Polyhedron-NewMenu/src/engine+stain.binding.cpp">
			<Option target="Polyhedron"/>
		</Unit>
		<Unit filename="/home/watisdeze/Development/PyramidApexGames/Projects/Polyhedron/Branches/Polyhedron-NewMenu/src/engine+stain.binding.cpp.rule">
			<Option target="Polyhedron"/>
		</Unit>
		<Unit filename="/home/watisdeze/Development/PyramidApexGames/Projects/Polyhedron/Branches/Polyhedron-NewMenu/src/engine+texture.binding.cpp">
			<Option target="Polyhedron"/>
		</Unit>
		<Unit filename="/home/watisdeze/Development/PyramidApexGames/Projects/Polyhedron/Branches/Polyhedron-NewMenu/src/engine+texture.binding.cpp.rule">
			<Option target="Polyhedron"/>
		</Unit>
		<Unit filename="/home/watisdeze/Development/PyramidApexGames/Projects/Polyhedron/Branches/Polyhedron-NewMenu/src/engine+ui.binding.cpp">
			<Option target="Polyhedron"/>
		</Unit>
		<Unit filename="/home/watisdeze/Development/PyramidApexGames/Projects/Polyhedron/Branches/Polyhedron-NewMenu/src/engine+ui.binding.cpp.rule">
			<Option target="Polyhedron"/>
		</Unit>
		<Unit filename="/home/watisdeze/Development/PyramidApexGames/Projects/Polyhedron/Branches/Polyhedron-NewMenu/src/engine+water.binding.cpp">
			<Option target="Polyhedron"/>
		</Unit>
		<Unit filename="/home/watisdeze/Development/PyramidApexGames/Projects/Polyhedron/Branches/Polyhedron-NewMenu/src/engine+water.binding.cpp.rule">
			<Option target="Polyhedron"/>
		</Unit>
		<Unit filename="/home/watisdeze/Development/PyramidApexGames/Projects/Polyhedron/Branches/Polyhedron-NewMenu/src/engine+world.binding.cpp">
			<Option target="Polyhedron"/>
		</Unit>
		<Unit filename="/home/watisdeze/Development/PyramidApexGames/Projects/Polyhedron/Branches/Polyhedron-NewMenu/src/engine+world.binding.cpp.rule">
			<Option target="Polyhedron"/>
		</Unit>
		<Unit filename="/home/watisdeze/Development/PyramidApexGames/Projects/Polyhedron/Branches/Polyhedron-NewMenu/src/engine+worldio.binding.cpp">
			<Option target="Polyhedron"/>
		</Unit>
		<Unit filename="/home/watisdeze/Development/PyramidApexGames/Projects/Polyhedron/Branches/Polyhedron-NewMenu/src/engine+worldio.binding.cpp.rule">
			<Option target="Polyhedron"/>
		</Unit>
		<Unit filename="/home/watisdeze/Development/PyramidApexGames/Projects/Polyhedron/Branches/Polyhedron-NewMenu/src/engine/aa.cpp">
			<Option target="Polyhedron"/>
		</Unit>
		<Unit filename="/home/watisdeze/Development/PyramidApexGames/Projects/Polyhedron/Branches/Polyhedron-NewMenu/src/engine/animmodel.h">
			<Option target="Polyhedron"/>
		</Unit>
		<Unit filename="/home/watisdeze/Development/PyramidApexGames/Projects/Polyhedron/Branches/Polyhedron-NewMenu/src/engine/bih.cpp">
			<Option target="Polyhedron"/>
		</Unit>
		<Unit filename="/home/watisdeze/Development/PyramidApexGames/Projects/Polyhedron/Branches/Polyhedron-NewMenu/src/engine/bih.h">
			<Option target="Polyhedron"/>
		</Unit>
		<Unit filename="/home/watisdeze/Development/PyramidApexGames/Projects/Polyhedron/Branches/Polyhedron-NewMenu/src/engine/blend.cpp">
			<Option target="Polyhedron"/>
		</Unit>
		<Unit filename="/home/watisdeze/Development/PyramidApexGames/Projects/Polyhedron/Branches/Polyhedron-NewMenu/src/engine/client.cpp">
			<Option target="Polyhedron"/>
		</Unit>
		<Unit filename="/home/watisdeze/Development/PyramidApexGames/Projects/Polyhedron/Branches/Polyhedron-NewMenu/src/engine/command.cpp">
			<Option target="Polyhedron"/>
		</Unit>
		<Unit filename="/home/watisdeze/Development/PyramidApexGames/Projects/Polyhedron/Branches/Polyhedron-NewMenu/src/engine/console.cpp">
			<Option target="Polyhedron"/>
		</Unit>
		<Unit filename="/home/watisdeze/Development/PyramidApexGames/Projects/Polyhedron/Branches/Polyhedron-NewMenu/src/engine/dynlight.cpp">
			<Option target="Polyhedron"/>
		</Unit>
		<Unit filename="/home/watisdeze/Development/PyramidApexGames/Projects/Polyhedron/Branches/Polyhedron-NewMenu/src/engine/engine.h">
			<Option target="Polyhedron"/>
		</Unit>
		<Unit filename="/home/watisdeze/Development/PyramidApexGames/Projects/Polyhedron/Branches/Polyhedron-NewMenu/src/engine/explosion.h">
			<Option target="Polyhedron"/>
		</Unit>
		<Unit filename="/home/watisdeze/Development/PyramidApexGames/Projects/Polyhedron/Branches/Polyhedron-NewMenu/src/engine/grass.cpp">
			<Option target="Polyhedron"/>
		</Unit>
		<Unit filename="/home/watisdeze/Development/PyramidApexGames/Projects/Polyhedron/Branches/Polyhedron-NewMenu/src/engine/help.cpp">
			<Option target="Polyhedron"/>
		</Unit>
		<Unit filename="/home/watisdeze/Development/PyramidApexGames/Projects/Polyhedron/Branches/Polyhedron-NewMenu/src/engine/help.h">
			<Option target="Polyhedron"/>
		</Unit>
		<Unit filename="/home/watisdeze/Development/PyramidApexGames/Projects/Polyhedron/Branches/Polyhedron-NewMenu/src/engine/hitzone.h">
			<Option target="Polyhedron"/>
		</Unit>
		<Unit filename="/home/watisdeze/Development/PyramidApexGames/Projects/Polyhedron/Branches/Polyhedron-NewMenu/src/engine/iqm.h">
			<Option target="Polyhedron"/>
		</Unit>
		<Unit filename="/home/watisdeze/Development/PyramidApexGames/Projects/Polyhedron/Branches/Polyhedron-NewMenu/src/engine/lensflare.h">
			<Option target="Polyhedron"/>
		</Unit>
		<Unit filename="/home/watisdeze/Development/PyramidApexGames/Projects/Polyhedron/Branches/Polyhedron-NewMenu/src/engine/light.cpp">
			<Option target="Polyhedron"/>
		</Unit>
		<Unit filename="/home/watisdeze/Development/PyramidApexGames/Projects/Polyhedron/Branches/Polyhedron-NewMenu/src/engine/light.h">
			<Option target="Polyhedron"/>
		</Unit>
		<Unit filename="/home/watisdeze/Development/PyramidApexGames/Projects/Polyhedron/Branches/Polyhedron-NewMenu/src/engine/lightning.h">
			<Option target="Polyhedron"/>
		</Unit>
		<Unit filename="/home/watisdeze/Development/PyramidApexGames/Projects/Polyhedron/Branches/Polyhedron-NewMenu/src/engine/log.cpp">
			<Option target="Polyhedron"/>
		</Unit>
		<Unit filename="/home/watisdeze/Development/PyramidApexGames/Projects/Polyhedron/Branches/Polyhedron-NewMenu/src/engine/log.h">
			<Option target="Polyhedron"/>
		</Unit>
		<Unit filename="/home/watisdeze/Development/PyramidApexGames/Projects/Polyhedron/Branches/Polyhedron-NewMenu/src/engine/main.cpp">
			<Option target="Polyhedron"/>
		</Unit>
		<Unit filename="/home/watisdeze/Development/PyramidApexGames/Projects/Polyhedron/Branches/Polyhedron-NewMenu/src/engine/material.cpp">
			<Option target="Polyhedron"/>
		</Unit>
		<Unit filename="/home/watisdeze/Development/PyramidApexGames/Projects/Polyhedron/Branches/Polyhedron-NewMenu/src/engine/md2.h">
			<Option target="Polyhedron"/>
		</Unit>
		<Unit filename="/home/watisdeze/Development/PyramidApexGames/Projects/Polyhedron/Branches/Polyhedron-NewMenu/src/engine/md3.h">
			<Option target="Polyhedron"/>
		</Unit>
		<Unit filename="/home/watisdeze/Development/PyramidApexGames/Projects/Polyhedron/Branches/Polyhedron-NewMenu/src/engine/md5.h">
			<Option target="Polyhedron"/>
		</Unit>
		<Unit filename="/home/watisdeze/Development/PyramidApexGames/Projects/Polyhedron/Branches/Polyhedron-NewMenu/src/engine/menus.cpp">
			<Option target="Polyhedron"/>
		</Unit>
		<Unit filename="/home/watisdeze/Development/PyramidApexGames/Projects/Polyhedron/Branches/Polyhedron-NewMenu/src/engine/model.h">
			<Option target="Polyhedron"/>
		</Unit>
		<Unit filename="/home/watisdeze/Development/PyramidApexGames/Projects/Polyhedron/Branches/Polyhedron-NewMenu/src/engine/movie.cpp">
			<Option target="Polyhedron"/>
		</Unit>
		<Unit filename="/home/watisdeze/Development/PyramidApexGames/Projects/Polyhedron/Branches/Polyhedron-NewMenu/src/engine/mpr.h">
			<Option target="Polyhedron"/>
		</Unit>
		<Unit filename="/home/watisdeze/Development/PyramidApexGames/Projects/Polyhedron/Branches/Polyhedron-NewMenu/src/engine/normal.cpp">
			<Option target="Polyhedron"/>
		</Unit>
		<Unit filename="/home/watisdeze/Development/PyramidApexGames/Projects/Polyhedron/Branches/Polyhedron-NewMenu/src/engine/obj.h">
			<Option target="Polyhedron"/>
		</Unit>
		<Unit filename="/home/watisdeze/Development/PyramidApexGames/Projects/Polyhedron/Branches/Polyhedron-NewMenu/src/engine/octa.cpp">
			<Option target="Polyhedron"/>
		</Unit>
		<Unit filename="/home/watisdeze/Development/PyramidApexGames/Projects/Polyhedron/Branches/Polyhedron-NewMenu/src/engine/octa.h">
			<Option target="Polyhedron"/>
		</Unit>
		<Unit filename="/home/watisdeze/Development/PyramidApexGames/Projects/Polyhedron/Branches/Polyhedron-NewMenu/src/engine/octaedit.cpp">
			<Option target="Polyhedron"/>
		</Unit>
		<Unit filename="/home/watisdeze/Development/PyramidApexGames/Projects/Polyhedron/Branches/Polyhedron-NewMenu/src/engine/octarender.cpp">
			<Option target="Polyhedron"/>
		</Unit>
		<Unit filename="/home/watisdeze/Development/PyramidApexGames/Projects/Polyhedron/Branches/Polyhedron-NewMenu/src/engine/pch.cpp">
			<Option target="Polyhedron"/>
		</Unit>
		<Unit filename="/home/watisdeze/Development/PyramidApexGames/Projects/Polyhedron/Branches/Polyhedron-NewMenu/src/engine/physics.cpp">
			<Option target="Polyhedron"/>
		</Unit>
		<Unit filename="/home/watisdeze/Development/PyramidApexGames/Projects/Polyhedron/Branches/Polyhedron-NewMenu/src/engine/pvs.cpp">
			<Option target="Polyhedron"/>
		</Unit>
		<Unit filename="/home/watisdeze/Development/PyramidApexGames/Projects/Polyhedron/Branches/Polyhedron-NewMenu/src/engine/ragdoll.h">
			<Option target="Polyhedron"/>
		</Unit>
		<Unit filename="/home/watisdeze/Development/PyramidApexGames/Projects/Polyhedron/Branches/Polyhedron-NewMenu/src/engine/rendergl.cpp">
			<Option target="Polyhedron"/>
		</Unit>
		<Unit filename="/home/watisdeze/Development/PyramidApexGames/Projects/Polyhedron/Branches/Polyhedron-NewMenu/src/engine/renderlights.cpp">
			<Option target="Polyhedron"/>
		</Unit>
		<Unit filename="/home/watisdeze/Development/PyramidApexGames/Projects/Polyhedron/Branches/Polyhedron-NewMenu/src/engine/rendermodel.cpp">
			<Option target="Polyhedron"/>
		</Unit>
		<Unit filename="/home/watisdeze/Development/PyramidApexGames/Projects/Polyhedron/Branches/Polyhedron-NewMenu/src/engine/renderparticles.cpp">
			<Option target="Polyhedron"/>
		</Unit>
		<Unit filename="/home/watisdeze/Development/PyramidApexGames/Projects/Polyhedron/Branches/Polyhedron-NewMenu/src/engine/rendersky.cpp">
			<Option target="Polyhedron"/>
		</Unit>
		<Unit filename="/home/watisdeze/Development/PyramidApexGames/Projects/Polyhedron/Branches/Polyhedron-NewMenu/src/engine/rendertext.cpp">
			<Option target="Polyhedron"/>
		</Unit>
		<Unit filename="/home/watisdeze/Development/PyramidApexGames/Projects/Polyhedron/Branches/Polyhedron-NewMenu/src/engine/renderva.cpp">
			<Option target="Polyhedron"/>
		</Unit>
		<Unit filename="/home/watisdeze/Development/PyramidApexGames/Projects/Polyhedron/Branches/Polyhedron-NewMenu/src/engine/scriptexport.cpp">
			<Option target="Polyhedron"/>
		</Unit>
		<Unit filename="/home/watisdeze/Development/PyramidApexGames/Projects/Polyhedron/Branches/Polyhedron-NewMenu/src/engine/scriptexport.h">
			<Option target="Polyhedron"/>
		</Unit>
		<Unit filename="/home/watisdeze/Development/PyramidApexGames/Projects/Polyhedron/Branches/Polyhedron-NewMenu/src/engine/server.cpp">
			<Option target="Polyhedron"/>
		</Unit>
		<Unit filename="/home/watisdeze/Development/PyramidApexGames/Projects/Polyhedron/Branches/Polyhedron-NewMenu/src/engine/serverbrowser.cpp">
			<Option target="Polyhedron"/>
		</Unit>
		<Unit filename="/home/watisdeze/Development/PyramidApexGames/Projects/Polyhedron/Branches/Polyhedron-NewMenu/src/engine/shader.cpp">
			<Option target="Polyhedron"/>
		</Unit>
		<Unit filename="/home/watisdeze/Development/PyramidApexGames/Projects/Polyhedron/Branches/Polyhedron-NewMenu/src/engine/skelmodel.h">
			<Option target="Polyhedron"/>
		</Unit>
		<Unit filename="/home/watisdeze/Development/PyramidApexGames/Projects/Polyhedron/Branches/Polyhedron-NewMenu/src/engine/smd.h">
			<Option target="Polyhedron"/>
		</Unit>
		<Unit filename="/home/watisdeze/Development/PyramidApexGames/Projects/Polyhedron/Branches/Polyhedron-NewMenu/src/engine/sound.cpp">
			<Option target="Polyhedron"/>
		</Unit>
		<Unit filename="/home/watisdeze/Development/PyramidApexGames/Projects/Polyhedron/Branches/Polyhedron-NewMenu/src/engine/stain.cpp">
			<Option target="Polyhedron"/>
		</Unit>
		<Unit filename="/home/watisdeze/Development/PyramidApexGames/Projects/Polyhedron/Branches/Polyhedron-NewMenu/src/engine/textedit.h">
			<Option target="Polyhedron"/>
		</Unit>
		<Unit filename="/home/watisdeze/Development/PyramidApexGames/Projects/Polyhedron/Branches/Polyhedron-NewMenu/src/engine/texture.cpp">
			<Option target="Polyhedron"/>
		</Unit>
		<Unit filename="/home/watisdeze/Development/PyramidApexGames/Projects/Polyhedron/Branches/Polyhedron-NewMenu/src/engine/texture.h">
			<Option target="Polyhedron"/>
		</Unit>
		<Unit filename="/home/watisdeze/Development/PyramidApexGames/Projects/Polyhedron/Branches/Polyhedron-NewMenu/src/engine/ui.cpp">
			<Option target="Polyhedron"/>
		</Unit>
		<Unit filename="/home/watisdeze/Development/PyramidApexGames/Projects/Polyhedron/Branches/Polyhedron-NewMenu/src/engine/vertmodel.h">
			<Option target="Polyhedron"/>
		</Unit>
		<Unit filename="/home/watisdeze/Development/PyramidApexGames/Projects/Polyhedron/Branches/Polyhedron-NewMenu/src/engine/water.cpp">
			<Option target="Polyhedron"/>
		</Unit>
		<Unit filename="/home/watisdeze/Development/PyramidApexGames/Projects/Polyhedron/Branches/Polyhedron-NewMenu/src/engine/world.cpp">
			<Option target="Polyhedron"/>
		</Unit>
		<Unit filename="/home/watisdeze/Development/PyramidApexGames/Projects/Polyhedron/Branches/Polyhedron-NewMenu/src/engine/world.h">
			<Option target="Polyhedron"/>
		</Unit>
		<Unit filename="/home/watisdeze/Development/PyramidApexGames/Projects/Polyhedron/Branches/Polyhedron-NewMenu/src/engine/worldio.cpp">
			<Option target="Polyhedron"/>
		</Unit>
		<Unit filename="/home/watisdeze/Development/PyramidApexGames/Projects/Polyhedron/Branches/Polyhedron-NewMenu/src/game+commands.binding.cpp">
			<Option target="Polyhedron"/>
		</Unit>
		<Unit filename="/home/watisdeze/Development/PyramidApexGames/Projects/Polyhedron/Branches/Polyhedron-NewMenu/src/game+commands.binding.cpp.rule">
			<Option target="Polyhedron"/>
		</Unit>
		<Unit filename="/home/watisdeze/Development/PyramidApexGames/Projects/Polyhedron/Branches/Polyhedron-NewMenu/src/game+entities+basemapmodel.binding.cpp">
			<Option target="Polyhedron"/>
		</Unit>
		<Unit filename="/home/watisdeze/Development/PyramidApexGames/Projects/Polyhedron/Branches/Polyhedron-NewMenu/src/game+entities+basemapmodel.binding.cpp.rule">
			<Option target="Polyhedron"/>
		</Unit>
		<Unit filename="/home/watisdeze/Development/PyramidApexGames/Projects/Polyhedron/Branches/Polyhedron-NewMenu/src/game+entities+basemonster.binding.cpp">
			<Option target="Polyhedron"/>
		</Unit>
		<Unit filename="/home/watisdeze/Development/PyramidApexGames/Projects/Polyhedron/Branches/Polyhedron-NewMenu/src/game+entities+basemonster.binding.cpp.rule">
			<Option target="Polyhedron"/>
		</Unit>
		<Unit filename="/home/watisdeze/Development/PyramidApexGames/Projects/Polyhedron/Branches/Polyhedron-NewMenu/src/game+entities+door.binding.cpp">
			<Option target="Polyhedron"/>
		</Unit>
		<Unit filename="/home/watisdeze/Development/PyramidApexGames/Projects/Polyhedron/Branches/Polyhedron-NewMenu/src/game+entities+door.binding.cpp.rule">
			<Option target="Polyhedron"/>
		</Unit>
		<Unit filename="/home/watisdeze/Development/PyramidApexGames/Projects/Polyhedron/Branches/Polyhedron-NewMenu/src/game+entities+dynamiclight.binding.cpp">
			<Option target="Polyhedron"/>
		</Unit>
		<Unit filename="/home/watisdeze/Development/PyramidApexGames/Projects/Polyhedron/Branches/Polyhedron-NewMenu/src/game+entities+dynamiclight.binding.cpp.rule">
			<Option target="Polyhedron"/>
		</Unit>
		<Unit filename="/home/watisdeze/Development/PyramidApexGames/Projects/Polyhedron/Branches/Polyhedron-NewMenu/src/game+entities+player.binding.cpp">
			<Option target="Polyhedron"/>
		</Unit>
		<Unit filename="/home/watisdeze/Development/PyramidApexGames/Projects/Polyhedron/Branches/Polyhedron-NewMenu/src/game+entities+player.binding.cpp.rule">
			<Option target="Polyhedron"/>
		</Unit>
		<Unit filename="/home/watisdeze/Development/PyramidApexGames/Projects/Polyhedron/Branches/Polyhedron-NewMenu/src/game+entities+playerstart.binding.cpp">
			<Option target="Polyhedron"/>
		</Unit>
		<Unit filename="/home/watisdeze/Development/PyramidApexGames/Projects/Polyhedron/Branches/Polyhedron-NewMenu/src/game+entities+playerstart.binding.cpp.rule">
			<Option target="Polyhedron"/>
		</Unit>
		<Unit filename="/home/watisdeze/Development/PyramidApexGames/Projects/Polyhedron/Branches/Polyhedron-NewMenu/src/game+entities.binding.cpp">
			<Option target="Polyhedron"/>
		</Unit>
		<Unit filename="/home/watisdeze/Development/PyramidApexGames/Projects/Polyhedron/Branches/Polyhedron-NewMenu/src/game+entities.binding.cpp.rule">
			<Option target="Polyhedron"/>
		</Unit>
		<Unit filename="/home/watisdeze/Development/PyramidApexGames/Projects/Polyhedron/Branches/Polyhedron-NewMenu/src/game+game.binding.cpp">
			<Option target="Polyhedron"/>
		</Unit>
		<Unit filename="/home/watisdeze/Development/PyramidApexGames/Projects/Polyhedron/Branches/Polyhedron-NewMenu/src/game+game.binding.cpp.rule">
			<Option target="Polyhedron"/>
		</Unit>
		<Unit filename="/home/watisdeze/Development/PyramidApexGames/Projects/Polyhedron/Branches/Polyhedron-NewMenu/src/game+render.binding.cpp">
			<Option target="Polyhedron"/>
		</Unit>
		<Unit filename="/home/watisdeze/Development/PyramidApexGames/Projects/Polyhedron/Branches/Polyhedron-NewMenu/src/game+render.binding.cpp.rule">
			<Option target="Polyhedron"/>
		</Unit>
		<Unit filename="/home/watisdeze/Development/PyramidApexGames/Projects/Polyhedron/Branches/Polyhedron-NewMenu/src/game+server.binding.cpp">
			<Option target="Polyhedron"/>
		</Unit>
		<Unit filename="/home/watisdeze/Development/PyramidApexGames/Projects/Polyhedron/Branches/Polyhedron-NewMenu/src/game+server.binding.cpp.rule">
			<Option target="Polyhedron"/>
		</Unit>
		<Unit filename="/home/watisdeze/Development/PyramidApexGames/Projects/Polyhedron/Branches/Polyhedron-NewMenu/src/game/commands.cpp">
			<Option target="Polyhedron"/>
		</Unit>
		<Unit filename="/home/watisdeze/Development/PyramidApexGames/Projects/Polyhedron/Branches/Polyhedron-NewMenu/src/game/entities.cpp">
			<Option target="Polyhedron"/>
		</Unit>
		<Unit filename="/home/watisdeze/Development/PyramidApexGames/Projects/Polyhedron/Branches/Polyhedron-NewMenu/src/game/entities.h">
			<Option target="Polyhedron"/>
		</Unit>
		<Unit filename="/home/watisdeze/Development/PyramidApexGames/Projects/Polyhedron/Branches/Polyhedron-NewMenu/src/game/entities/basemapmodel.cpp">
			<Option target="Polyhedron"/>
		</Unit>
		<Unit filename="/home/watisdeze/Development/PyramidApexGames/Projects/Polyhedron/Branches/Polyhedron-NewMenu/src/game/entities/basemapmodel.h">
			<Option target="Polyhedron"/>
		</Unit>
		<Unit filename="/home/watisdeze/Development/PyramidApexGames/Projects/Polyhedron/Branches/Polyhedron-NewMenu/src/game/entities/basemonster.cpp">
			<Option target="Polyhedron"/>
		</Unit>
		<Unit filename="/home/watisdeze/Development/PyramidApexGames/Projects/Polyhedron/Branches/Polyhedron-NewMenu/src/game/entities/basemonster.h">
			<Option target="Polyhedron"/>
		</Unit>
		<Unit filename="/home/watisdeze/Development/PyramidApexGames/Projects/Polyhedron/Branches/Polyhedron-NewMenu/src/game/entities/door.cpp">
			<Option target="Polyhedron"/>
		</Unit>
		<Unit filename="/home/watisdeze/Development/PyramidApexGames/Projects/Polyhedron/Branches/Polyhedron-NewMenu/src/game/entities/door.h">
			<Option target="Polyhedron"/>
		</Unit>
		<Unit filename="/home/watisdeze/Development/PyramidApexGames/Projects/Polyhedron/Branches/Polyhedron-NewMenu/src/game/entities/dynamiclight.cpp">
			<Option target="Polyhedron"/>
		</Unit>
		<Unit filename="/home/watisdeze/Development/PyramidApexGames/Projects/Polyhedron/Branches/Polyhedron-NewMenu/src/game/entities/dynamiclight.h">
			<Option target="Polyhedron"/>
		</Unit>
		<Unit filename="/home/watisdeze/Development/PyramidApexGames/Projects/Polyhedron/Branches/Polyhedron-NewMenu/src/game/entities/player.cpp">
			<Option target="Polyhedron"/>
		</Unit>
		<Unit filename="/home/watisdeze/Development/PyramidApexGames/Projects/Polyhedron/Branches/Polyhedron-NewMenu/src/game/entities/player.h">
			<Option target="Polyhedron"/>
		</Unit>
		<Unit filename="/home/watisdeze/Development/PyramidApexGames/Projects/Polyhedron/Branches/Polyhedron-NewMenu/src/game/entities/playerstart.cpp">
			<Option target="Polyhedron"/>
		</Unit>
		<Unit filename="/home/watisdeze/Development/PyramidApexGames/Projects/Polyhedron/Branches/Polyhedron-NewMenu/src/game/entities/playerstart.h">
			<Option target="Polyhedron"/>
		</Unit>
		<Unit filename="/home/watisdeze/Development/PyramidApexGames/Projects/Polyhedron/Branches/Polyhedron-NewMenu/src/game/game.cpp">
			<Option target="Polyhedron"/>
		</Unit>
		<Unit filename="/home/watisdeze/Development/PyramidApexGames/Projects/Polyhedron/Branches/Polyhedron-NewMenu/src/game/game.h">
			<Option target="Polyhedron"/>
		</Unit>
		<Unit filename="/home/watisdeze/Development/PyramidApexGames/Projects/Polyhedron/Branches/Polyhedron-NewMenu/src/game/render.cpp">
			<Option target="Polyhedron"/>
		</Unit>
		<Unit filename="/home/watisdeze/Development/PyramidApexGames/Projects/Polyhedron/Branches/Polyhedron-NewMenu/src/game/server.cpp">
			<Option target="Polyhedron"/>
		</Unit>
		<Unit filename="/home/watisdeze/Development/PyramidApexGames/Projects/Polyhedron/Branches/Polyhedron-NewMenu/src/game/server.h">
			<Option target="Polyhedron"/>
		</Unit>
		<Unit filename="/home/watisdeze/Development/PyramidApexGames/Projects/Polyhedron/Branches/Polyhedron-NewMenu/src/shared+crypto.binding.cpp">
			<Option target="Polyhedron"/>
		</Unit>
		<Unit filename="/home/watisdeze/Development/PyramidApexGames/Projects/Polyhedron/Branches/Polyhedron-NewMenu/src/shared+crypto.binding.cpp.rule">
			<Option target="Polyhedron"/>
		</Unit>
		<Unit filename="/home/watisdeze/Development/PyramidApexGames/Projects/Polyhedron/Branches/Polyhedron-NewMenu/src/shared+entities+attributes.binding.cpp">
			<Option target="Polyhedron"/>
		</Unit>
		<Unit filename="/home/watisdeze/Development/PyramidApexGames/Projects/Polyhedron/Branches/Polyhedron-NewMenu/src/shared+entities+attributes.binding.cpp.rule">
			<Option target="Polyhedron"/>
		</Unit>
		<Unit filename="/home/watisdeze/Development/PyramidApexGames/Projects/Polyhedron/Branches/Polyhedron-NewMenu/src/shared+entities+basedynamicentity.binding.cpp">
			<Option target="Polyhedron"/>
		</Unit>
		<Unit filename="/home/watisdeze/Development/PyramidApexGames/Projects/Polyhedron/Branches/Polyhedron-NewMenu/src/shared+entities+basedynamicentity.binding.cpp.rule">
			<Option target="Polyhedron"/>
		</Unit>
		<Unit filename="/home/watisdeze/Development/PyramidApexGames/Projects/Polyhedron/Branches/Polyhedron-NewMenu/src/shared+entities+baseentity.binding.cpp">
			<Option target="Polyhedron"/>
		</Unit>
		<Unit filename="/home/watisdeze/Development/PyramidApexGames/Projects/Polyhedron/Branches/Polyhedron-NewMenu/src/shared+entities+baseentity.binding.cpp.rule">
			<Option target="Polyhedron"/>
		</Unit>
		<Unit filename="/home/watisdeze/Development/PyramidApexGames/Projects/Polyhedron/Branches/Polyhedron-NewMenu/src/shared+entities+basephysicalentity.binding.cpp">
			<Option target="Polyhedron"/>
		</Unit>
		<Unit filename="/home/watisdeze/Development/PyramidApexGames/Projects/Polyhedron/Branches/Polyhedron-NewMenu/src/shared+entities+basephysicalentity.binding.cpp.rule">
			<Option target="Polyhedron"/>
		</Unit>
		<Unit filename="/home/watisdeze/Development/PyramidApexGames/Projects/Polyhedron/Branches/Polyhedron-NewMenu/src/shared+entities+coreentity.binding.cpp">
			<Option target="Polyhedron"/>
		</Unit>
		<Unit filename="/home/watisdeze/Development/PyramidApexGames/Projects/Polyhedron/Branches/Polyhedron-NewMenu/src/shared+entities+coreentity.binding.cpp.rule">
			<Option target="Polyhedron"/>
		</Unit>
		<Unit filename="/home/watisdeze/Development/PyramidApexGames/Projects/Polyhedron/Branches/Polyhedron-NewMenu/src/shared+entities+decalentity.binding.cpp">
			<Option target="Polyhedron"/>
		</Unit>
		<Unit filename="/home/watisdeze/Development/PyramidApexGames/Projects/Polyhedron/Branches/Polyhedron-NewMenu/src/shared+entities+decalentity.binding.cpp.rule">
			<Option target="Polyhedron"/>
		</Unit>
		<Unit filename="/home/watisdeze/Development/PyramidApexGames/Projects/Polyhedron/Branches/Polyhedron-NewMenu/src/shared+entities+entityfactory.binding.cpp">
			<Option target="Polyhedron"/>
		</Unit>
		<Unit filename="/home/watisdeze/Development/PyramidApexGames/Projects/Polyhedron/Branches/Polyhedron-NewMenu/src/shared+entities+entityfactory.binding.cpp.rule">
			<Option target="Polyhedron"/>
		</Unit>
		<Unit filename="/home/watisdeze/Development/PyramidApexGames/Projects/Polyhedron/Branches/Polyhedron-NewMenu/src/shared+geom.binding.cpp">
			<Option target="Polyhedron"/>
		</Unit>
		<Unit filename="/home/watisdeze/Development/PyramidApexGames/Projects/Polyhedron/Branches/Polyhedron-NewMenu/src/shared+geom.binding.cpp.rule">
			<Option target="Polyhedron"/>
		</Unit>
		<Unit filename="/home/watisdeze/Development/PyramidApexGames/Projects/Polyhedron/Branches/Polyhedron-NewMenu/src/shared+glemu.binding.cpp">
			<Option target="Polyhedron"/>
		</Unit>
		<Unit filename="/home/watisdeze/Development/PyramidApexGames/Projects/Polyhedron/Branches/Polyhedron-NewMenu/src/shared+glemu.binding.cpp.rule">
			<Option target="Polyhedron"/>
		</Unit>
		<Unit filename="/home/watisdeze/Development/PyramidApexGames/Projects/Polyhedron/Branches/Polyhedron-NewMenu/src/shared+pch.binding.cpp">
			<Option target="Polyhedron"/>
		</Unit>
		<Unit filename="/home/watisdeze/Development/PyramidApexGames/Projects/Polyhedron/Branches/Polyhedron-NewMenu/src/shared+pch.binding.cpp.rule">
			<Option target="Polyhedron"/>
		</Unit>
		<Unit filename="/home/watisdeze/Development/PyramidApexGames/Projects/Polyhedron/Branches/Polyhedron-NewMenu/src/shared+stream.binding.cpp">
			<Option target="Polyhedron"/>
		</Unit>
		<Unit filename="/home/watisdeze/Development/PyramidApexGames/Projects/Polyhedron/Branches/Polyhedron-NewMenu/src/shared+stream.binding.cpp.rule">
			<Option target="Polyhedron"/>
		</Unit>
		<Unit filename="/home/watisdeze/Development/PyramidApexGames/Projects/Polyhedron/Branches/Polyhedron-NewMenu/src/shared+tools.binding.cpp">
			<Option target="Polyhedron"/>
		</Unit>
		<Unit filename="/home/watisdeze/Development/PyramidApexGames/Projects/Polyhedron/Branches/Polyhedron-NewMenu/src/shared+tools.binding.cpp.rule">
			<Option target="Polyhedron"/>
		</Unit>
		<Unit filename="/home/watisdeze/Development/PyramidApexGames/Projects/Polyhedron/Branches/Polyhedron-NewMenu/src/shared+utils+cubestr.binding.cpp">
			<Option target="Polyhedron"/>
		</Unit>
		<Unit filename="/home/watisdeze/Development/PyramidApexGames/Projects/Polyhedron/Branches/Polyhedron-NewMenu/src/shared+utils+cubestr.binding.cpp.rule">
			<Option target="Polyhedron"/>
		</Unit>
		<Unit filename="/home/watisdeze/Development/PyramidApexGames/Projects/Polyhedron/Branches/Polyhedron-NewMenu/src/shared+utils+network.binding.cpp">
			<Option target="Polyhedron"/>
		</Unit>
		<Unit filename="/home/watisdeze/Development/PyramidApexGames/Projects/Polyhedron/Branches/Polyhedron-NewMenu/src/shared+utils+network.binding.cpp.rule">
			<Option target="Polyhedron"/>
		</Unit>
		<Unit filename="/home/watisdeze/Development/PyramidApexGames/Projects/Polyhedron/Branches/Polyhedron-NewMenu/src/shared+zip.binding.cpp">
			<Option target="Polyhedron"/>
		</Unit>
		<Unit filename="/home/watisdeze/Development/PyramidApexGames/Projects/Polyhedron/Branches/Polyhedron-NewMenu/src/shared+zip.binding.cpp.rule">
			<Option target="Polyhedron"/>
		</Unit>
		<Unit filename="/home/watisdeze/Development/PyramidApexGames/Projects/Polyhedron/Branches/Polyhedron-NewMenu/src/shared/command.h">
			<Option target="Polyhedron"/>
		</Unit>
		<Unit filename="/home/watisdeze/Development/PyramidApexGames/Projects/Polyhedron/Branches/Polyhedron-NewMenu/src/shared/crypto.cpp">
			<Option target="Polyhedron"/>
		</Unit>
		<Unit filename="/home/watisdeze/Development/PyramidApexGames/Projects/Polyhedron/Branches/Polyhedron-NewMenu/src/shared/cube.h">
			<Option target="Polyhedron"/>
		</Unit>
		<Unit filename="/home/watisdeze/Development/PyramidApexGames/Projects/Polyhedron/Branches/Polyhedron-NewMenu/src/shared/entities/animinfo.h">
			<Option target="Polyhedron"/>
		</Unit>
		<Unit filename="/home/watisdeze/Development/PyramidApexGames/Projects/Polyhedron/Branches/Polyhedron-NewMenu/src/shared/entities/attributes.cpp">
			<Option target="Polyhedron"/>
		</Unit>
		<Unit filename="/home/watisdeze/Development/PyramidApexGames/Projects/Polyhedron/Branches/Polyhedron-NewMenu/src/shared/entities/attributes.h">
			<Option target="Polyhedron"/>
		</Unit>
		<Unit filename="/home/watisdeze/Development/PyramidApexGames/Projects/Polyhedron/Branches/Polyhedron-NewMenu/src/shared/entities/basedynamicentity.cpp">
			<Option target="Polyhedron"/>
		</Unit>
		<Unit filename="/home/watisdeze/Development/PyramidApexGames/Projects/Polyhedron/Branches/Polyhedron-NewMenu/src/shared/entities/basedynamicentity.h">
			<Option target="Polyhedron"/>
		</Unit>
		<Unit filename="/home/watisdeze/Development/PyramidApexGames/Projects/Polyhedron/Branches/Polyhedron-NewMenu/src/shared/entities/baseentity.cpp">
			<Option target="Polyhedron"/>
		</Unit>
		<Unit filename="/home/watisdeze/Development/PyramidApexGames/Projects/Polyhedron/Branches/Polyhedron-NewMenu/src/shared/entities/baseentity.h">
			<Option target="Polyhedron"/>
		</Unit>
		<Unit filename="/home/watisdeze/Development/PyramidApexGames/Projects/Polyhedron/Branches/Polyhedron-NewMenu/src/shared/entities/basephysicalentity.cpp">
			<Option target="Polyhedron"/>
		</Unit>
		<Unit filename="/home/watisdeze/Development/PyramidApexGames/Projects/Polyhedron/Branches/Polyhedron-NewMenu/src/shared/entities/basephysicalentity.h">
			<Option target="Polyhedron"/>
		</Unit>
		<Unit filename="/home/watisdeze/Development/PyramidApexGames/Projects/Polyhedron/Branches/Polyhedron-NewMenu/src/shared/entities/coreentity.cpp">
			<Option target="Polyhedron"/>
		</Unit>
		<Unit filename="/home/watisdeze/Development/PyramidApexGames/Projects/Polyhedron/Branches/Polyhedron-NewMenu/src/shared/entities/coreentity.h">
			<Option target="Polyhedron"/>
		</Unit>
		<Unit filename="/home/watisdeze/Development/PyramidApexGames/Projects/Polyhedron/Branches/Polyhedron-NewMenu/src/shared/entities/decalentity.cpp">
			<Option target="Polyhedron"/>
		</Unit>
		<Unit filename="/home/watisdeze/Development/PyramidApexGames/Projects/Polyhedron/Branches/Polyhedron-NewMenu/src/shared/entities/decalentity.h">
			<Option target="Polyhedron"/>
		</Unit>
		<Unit filename="/home/watisdeze/Development/PyramidApexGames/Projects/Polyhedron/Branches/Polyhedron-NewMenu/src/shared/entities/entityfactory.cpp">
			<Option target="Polyhedron"/>
		</Unit>
		<Unit filename="/home/watisdeze/Development/PyramidApexGames/Projects/Polyhedron/Branches/Polyhedron-NewMenu/src/shared/entities/entityfactory.h">
			<Option target="Polyhedron"/>
		</Unit>
		<Unit filename="/home/watisdeze/Development/PyramidApexGames/Projects/Polyhedron/Branches/Polyhedron-NewMenu/src/shared/ents.h">
			<Option target="Polyhedron"/>
		</Unit>
		<Unit filename="/home/watisdeze/Development/PyramidApexGames/Projects/Polyhedron/Branches/Polyhedron-NewMenu/src/shared/geom.cpp">
			<Option target="Polyhedron"/>
		</Unit>
		<Unit filename="/home/watisdeze/Development/PyramidApexGames/Projects/Polyhedron/Branches/Polyhedron-NewMenu/src/shared/geom.h">
			<Option target="Polyhedron"/>
		</Unit>
		<Unit filename="/home/watisdeze/Development/PyramidApexGames/Projects/Polyhedron/Branches/Polyhedron-NewMenu/src/shared/glemu.cpp">
			<Option target="Polyhedron"/>
		</Unit>
		<Unit filename="/home/watisdeze/Development/PyramidApexGames/Projects/Polyhedron/Branches/Polyhedron-NewMenu/src/shared/glemu.h">
			<Option target="Polyhedron"/>
		</Unit>
		<Unit filename="/home/watisdeze/Development/PyramidApexGames/Projects/Polyhedron/Branches/Polyhedron-NewMenu/src/shared/glexts.h">
			<Option target="Polyhedron"/>
		</Unit>
		<Unit filename="/home/watisdeze/Development/PyramidApexGames/Projects/Polyhedron/Branches/Polyhedron-NewMenu/src/shared/iengine.h">
			<Option target="Polyhedron"/>
		</Unit>
		<Unit filename="/home/watisdeze/Development/PyramidApexGames/Projects/Polyhedron/Branches/Polyhedron-NewMenu/src/shared/igame.h">
			<Option target="Polyhedron"/>
		</Unit>
		<Unit filename="/home/watisdeze/Development/PyramidApexGames/Projects/Polyhedron/Branches/Polyhedron-NewMenu/src/shared/pch.cpp">
			<Option target="Polyhedron"/>
		</Unit>
		<Unit filename="/home/watisdeze/Development/PyramidApexGames/Projects/Polyhedron/Branches/Polyhedron-NewMenu/src/shared/stream.cpp">
			<Option target="Polyhedron"/>
		</Unit>
		<Unit filename="/home/watisdeze/Development/PyramidApexGames/Projects/Polyhedron/Branches/Polyhedron-NewMenu/src/shared/tools.cpp">
			<Option target="Polyhedron"/>
		</Unit>
		<Unit filename="/home/watisdeze/Development/PyramidApexGames/Projects/Polyhedron/Branches/Polyhedron-NewMenu/src/shared/tools.h">
			<Option target="Polyhedron"/>
		</Unit>
		<Unit filename="/home/watisdeze/Development/PyramidApexGames/Projects/Polyhedron/Branches/Polyhedron-NewMenu/src/shared/utils/cubectype.h">
			<Option target="Polyhedron"/>
		</Unit>
		<Unit filename="/home/watisdeze/Development/PyramidApexGames/Projects/Polyhedron/Branches/Polyhedron-NewMenu/src/shared/utils/cubestr.cpp">
			<Option target="Polyhedron"/>
		</Unit>
		<Unit filename="/home/watisdeze/Development/PyramidApexGames/Projects/Polyhedron/Branches/Polyhedron-NewMenu/src/shared/utils/cubestr.h">
			<Option target="Polyhedron"/>
		</Unit>
		<Unit filename="/home/watisdeze/Development/PyramidApexGames/Projects/Polyhedron/Branches/Polyhedron-NewMenu/src/shared/utils/databuf.h">
			<Option target="Polyhedron"/>
		</Unit>
		<Unit filename="/home/watisdeze/Development/PyramidApexGames/Projects/Polyhedron/Branches/Polyhedron-NewMenu/src/shared/utils/endianness.h">
			<Option target="Polyhedron"/>
		</Unit>
		<Unit filename="/home/watisdeze/Development/PyramidApexGames/Projects/Polyhedron/Branches/Polyhedron-NewMenu/src/shared/utils/hashbase.h">
			<Option target="Polyhedron"/>
		</Unit>
		<Unit filename="/home/watisdeze/Development/PyramidApexGames/Projects/Polyhedron/Branches/Polyhedron-NewMenu/src/shared/utils/hashset.h">
			<Option target="Polyhedron"/>
		</Unit>
		<Unit filename="/home/watisdeze/Development/PyramidApexGames/Projects/Polyhedron/Branches/Polyhedron-NewMenu/src/shared/utils/hashtable.h">
			<Option target="Polyhedron"/>
		</Unit>
		<Unit filename="/home/watisdeze/Development/PyramidApexGames/Projects/Polyhedron/Branches/Polyhedron-NewMenu/src/shared/utils/hthash.h">
			<Option target="Polyhedron"/>
		</Unit>
		<Unit filename="/home/watisdeze/Development/PyramidApexGames/Projects/Polyhedron/Branches/Polyhedron-NewMenu/src/shared/utils/network.cpp">
			<Option target="Polyhedron"/>
		</Unit>
		<Unit filename="/home/watisdeze/Development/PyramidApexGames/Projects/Polyhedron/Branches/Polyhedron-NewMenu/src/shared/utils/network.h">
			<Option target="Polyhedron"/>
		</Unit>
		<Unit filename="/home/watisdeze/Development/PyramidApexGames/Projects/Polyhedron/Branches/Polyhedron-NewMenu/src/shared/utils/queue.h">
			<Option target="Polyhedron"/>
		</Unit>
		<Unit filename="/home/watisdeze/Development/PyramidApexGames/Projects/Polyhedron/Branches/Polyhedron-NewMenu/src/shared/utils/rndnumbers.h">
			<Option target="Polyhedron"/>
		</Unit>
		<Unit filename="/home/watisdeze/Development/PyramidApexGames/Projects/Polyhedron/Branches/Polyhedron-NewMenu/src/shared/utils/stream.h">
			<Option target="Polyhedron"/>
		</Unit>
		<Unit filename="/home/watisdeze/Development/PyramidApexGames/Projects/Polyhedron/Branches/Polyhedron-NewMenu/src/shared/utils/streambuf.h">
			<Option target="Polyhedron"/>
		</Unit>
		<Unit filename="/home/watisdeze/Development/PyramidApexGames/Projects/Polyhedron/Branches/Polyhedron-NewMenu/src/shared/utils/ucharbuf.h">
			<Option target="Polyhedron"/>
		</Unit>
		<Unit filename="/home/watisdeze/Development/PyramidApexGames/Projects/Polyhedron/Branches/Polyhedron-NewMenu/src/shared/utils/vector.h">
			<Option target="Polyhedron"/>
		</Unit>
		<Unit filename="/home/watisdeze/Development/PyramidApexGames/Projects/Polyhedron/Branches/Polyhedron-NewMenu/src/shared/zip.cpp">
			<Option target="Polyhedron"/>
		</Unit>
		<Unit filename="/home/watisdeze/Development/PyramidApexGames/Projects/Polyhedron/Branches/Polyhedron-NewMenu/src/CMakeLists.txt">
			<Option virtualFolder="CMake Files\"/>
		</Unit>
		<Unit filename="/home/watisdeze/Development/PyramidApexGames/Projects/Polyhedron/Branches/Polyhedron-NewMenu/src/../cmake/FindSDL2.cmake">
			<Option virtualFolder="CMake Files\..\cmake\"/>
		</Unit>
		<Unit filename="/home/watisdeze/Development/PyramidApexGames/Projects/Polyhedron/Branches/Polyhedron-NewMenu/src/../cmake/FindSDL2_image.cmake">
			<Option virtualFolder="CMake Files\..\cmake\"/>
		</Unit>
		<Unit filename="/home/watisdeze/Development/PyramidApexGames/Projects/Polyhedron/Branches/Polyhedron-NewMenu/src/../cmake/FindSDL2_mixer.cmake">
			<Option virtualFolder="CMake Files\..\cmake\"/>
		</Unit>
		<Unit filename="/home/watisdeze/Development/PyramidApexGames/Projects/Polyhedron/Branches/Polyhedron-NewMenu/src/../cmake/FindWEBP.cmake">
			<Option virtualFolder="CMake Files\..\cmake\"/>
		</Unit>
		<Unit filename="/home/watisdeze/Development/PyramidApexGames/Projects/Polyhedron/Branches/Polyhedron-NewMenu/src/enet/CMakeLists.txt">
			<Option virtualFolder="CMake Files\enet\"/>
		</Unit>
	</Project>
</CodeBlocks_project_file>
